// !$*UTF8*$!
{
	archiveVersion = 1;
	classes = {
	};
	objectVersion = 48;
	objects = {

/* Begin PBXBuildFile section */
		353CD35C1F4BF5AD00A28BA1 /* AppDelegate.swift in Sources */ = {isa = PBXBuildFile; fileRef = 353CD35B1F4BF5AD00A28BA1 /* AppDelegate.swift */; };
		353CD35E1F4BF5AD00A28BA1 /* WeatherViewController.swift in Sources */ = {isa = PBXBuildFile; fileRef = 353CD35D1F4BF5AD00A28BA1 /* WeatherViewController.swift */; };
		353CD3611F4BF5AD00A28BA1 /* Main.storyboard in Resources */ = {isa = PBXBuildFile; fileRef = 353CD35F1F4BF5AD00A28BA1 /* Main.storyboard */; };
		353CD3631F4BF5AD00A28BA1 /* Assets.xcassets in Resources */ = {isa = PBXBuildFile; fileRef = 353CD3621F4BF5AD00A28BA1 /* Assets.xcassets */; };
		353CD3661F4BF5AD00A28BA1 /* LaunchScreen.storyboard in Resources */ = {isa = PBXBuildFile; fileRef = 353CD3641F4BF5AD00A28BA1 /* LaunchScreen.storyboard */; };
		353CD36E1F4BF69300A28BA1 /* WeatherModel.swift in Sources */ = {isa = PBXBuildFile; fileRef = 353CD36D1F4BF69300A28BA1 /* WeatherModel.swift */; };
		354D97151F4D469900E1EFE9 /* GetWeather.swift in Sources */ = {isa = PBXBuildFile; fileRef = 354D97141F4D469900E1EFE9 /* GetWeather.swift */; };
		35E11FA61F4F95EB006CBE53 /* tapticFeedback.swift in Sources */ = {isa = PBXBuildFile; fileRef = 35E11FA51F4F95EB006CBE53 /* tapticFeedback.swift */; };
		35E11FAA1F4FD8AA006CBE53 /* CitySelectVIewController.swift in Sources */ = {isa = PBXBuildFile; fileRef = 35E11FA91F4FD8AA006CBE53 /* CitySelectVIewController.swift */; };
		E329135F0E0029A1A68D1D1E /* Pods_SimplyWeather.framework in Frameworks */ = {isa = PBXBuildFile; fileRef = 21586D7888BD44ECF1BECEB7 /* Pods_SimplyWeather.framework */; };
/* End PBXBuildFile section */

/* Begin PBXFileReference section */
		21586D7888BD44ECF1BECEB7 /* Pods_SimplyWeather.framework */ = {isa = PBXFileReference; explicitFileType = wrapper.framework; includeInIndex = 0; path = Pods_SimplyWeather.framework; sourceTree = BUILT_PRODUCTS_DIR; };
		353CD3581F4BF5AD00A28BA1 /* SimplyWeather.app */ = {isa = PBXFileReference; explicitFileType = wrapper.application; includeInIndex = 0; path = SimplyWeather.app; sourceTree = BUILT_PRODUCTS_DIR; };
		353CD35B1F4BF5AD00A28BA1 /* AppDelegate.swift */ = {isa = PBXFileReference; lastKnownFileType = sourcecode.swift; path = AppDelegate.swift; sourceTree = "<group>"; };
		353CD35D1F4BF5AD00A28BA1 /* WeatherViewController.swift */ = {isa = PBXFileReference; lastKnownFileType = sourcecode.swift; path = WeatherViewController.swift; sourceTree = "<group>"; };
		353CD3601F4BF5AD00A28BA1 /* Base */ = {isa = PBXFileReference; lastKnownFileType = file.storyboard; name = Base; path = Base.lproj/Main.storyboard; sourceTree = "<group>"; };
		353CD3621F4BF5AD00A28BA1 /* Assets.xcassets */ = {isa = PBXFileReference; lastKnownFileType = folder.assetcatalog; path = Assets.xcassets; sourceTree = "<group>"; };
		353CD3651F4BF5AD00A28BA1 /* Base */ = {isa = PBXFileReference; lastKnownFileType = file.storyboard; name = Base; path = Base.lproj/LaunchScreen.storyboard; sourceTree = "<group>"; };
		353CD3671F4BF5AD00A28BA1 /* Info.plist */ = {isa = PBXFileReference; lastKnownFileType = text.plist.xml; name = Info.plist; path = "SimplyWeather/Supporting Files/Info.plist"; sourceTree = SOURCE_ROOT; };
		353CD36D1F4BF69300A28BA1 /* WeatherModel.swift */ = {isa = PBXFileReference; lastKnownFileType = sourcecode.swift; path = WeatherModel.swift; sourceTree = "<group>"; };
		354D97141F4D469900E1EFE9 /* GetWeather.swift */ = {isa = PBXFileReference; lastKnownFileType = sourcecode.swift; path = GetWeather.swift; sourceTree = "<group>"; };
		35E11FA51F4F95EB006CBE53 /* tapticFeedback.swift */ = {isa = PBXFileReference; lastKnownFileType = sourcecode.swift; path = tapticFeedback.swift; sourceTree = "<group>"; };
		35E11FA91F4FD8AA006CBE53 /* CitySelectVIewController.swift */ = {isa = PBXFileReference; lastKnownFileType = sourcecode.swift; path = CitySelectVIewController.swift; sourceTree = "<group>"; };
		5CE29BA0F5FA88CB115854EC /* Pods-SimplyWeather.release.xcconfig */ = {isa = PBXFileReference; includeInIndex = 1; lastKnownFileType = text.xcconfig; name = "Pods-SimplyWeather.release.xcconfig"; path = "Pods/Target Support Files/Pods-SimplyWeather/Pods-SimplyWeather.release.xcconfig"; sourceTree = "<group>"; };
		F163C250BFA44CC9F378D2C4 /* Pods-SimplyWeather.debug.xcconfig */ = {isa = PBXFileReference; includeInIndex = 1; lastKnownFileType = text.xcconfig; name = "Pods-SimplyWeather.debug.xcconfig"; path = "Pods/Target Support Files/Pods-SimplyWeather/Pods-SimplyWeather.debug.xcconfig"; sourceTree = "<group>"; };
/* End PBXFileReference section */

/* Begin PBXFrameworksBuildPhase section */
		353CD3551F4BF5AD00A28BA1 /* Frameworks */ = {
			isa = PBXFrameworksBuildPhase;
			buildActionMask = 2147483647;
			files = (
				E329135F0E0029A1A68D1D1E /* Pods_SimplyWeather.framework in Frameworks */,
			);
			runOnlyForDeploymentPostprocessing = 0;
		};
/* End PBXFrameworksBuildPhase section */

/* Begin PBXGroup section */
		2CE5AA6745549D4D64726403 /* Frameworks */ = {
			isa = PBXGroup;
			children = (
				21586D7888BD44ECF1BECEB7 /* Pods_SimplyWeather.framework */,
			);
			name = Frameworks;
			sourceTree = "<group>";
		};
		353CD34F1F4BF5AD00A28BA1 = {
			isa = PBXGroup;
			children = (
				353CD35A1F4BF5AD00A28BA1 /* SimplyWeather */,
				353CD3591F4BF5AD00A28BA1 /* Products */,
				837B08DA0A45A74249BC75C9 /* Pods */,
				2CE5AA6745549D4D64726403 /* Frameworks */,
			);
			sourceTree = "<group>";
		};
		353CD3591F4BF5AD00A28BA1 /* Products */ = {
			isa = PBXGroup;
			children = (
				353CD3581F4BF5AD00A28BA1 /* SimplyWeather.app */,
			);
			name = Products;
			sourceTree = "<group>";
		};
		353CD35A1F4BF5AD00A28BA1 /* SimplyWeather */ = {
			isa = PBXGroup;
			children = (
				353CD3711F4C01D600A28BA1 /* Controller */,
				353CD3701F4C01D100A28BA1 /* View */,
				353CD36F1F4C01C200A28BA1 /* Model */,
				353CD3721F4C01F500A28BA1 /* Supporting Files */,
			);
			path = SimplyWeather;
			sourceTree = "<group>";
		};
		353CD36F1F4C01C200A28BA1 /* Model */ = {
			isa = PBXGroup;
			children = (
				353CD36D1F4BF69300A28BA1 /* WeatherModel.swift */,
				354D97141F4D469900E1EFE9 /* GetWeather.swift */,
			);
			path = Model;
			sourceTree = "<group>";
		};
		353CD3701F4C01D100A28BA1 /* View */ = {
			isa = PBXGroup;
			children = (
				353CD35F1F4BF5AD00A28BA1 /* Main.storyboard */,
				353CD3621F4BF5AD00A28BA1 /* Assets.xcassets */,
			);
			path = View;
			sourceTree = "<group>";
		};
		353CD3711F4C01D600A28BA1 /* Controller */ = {
			isa = PBXGroup;
			children = (
				353CD35D1F4BF5AD00A28BA1 /* WeatherViewController.swift */,
				35E11FA91F4FD8AA006CBE53 /* CitySelectVIewController.swift */,
				353CD35B1F4BF5AD00A28BA1 /* AppDelegate.swift */,
				35E11FA51F4F95EB006CBE53 /* tapticFeedback.swift */,
			);
			path = Controller;
			sourceTree = "<group>";
		};
		353CD3721F4C01F500A28BA1 /* Supporting Files */ = {
			isa = PBXGroup;
			children = (
				353CD3641F4BF5AD00A28BA1 /* LaunchScreen.storyboard */,
				353CD3671F4BF5AD00A28BA1 /* Info.plist */,
			);
			path = "Supporting Files";
			sourceTree = "<group>";
		};
		837B08DA0A45A74249BC75C9 /* Pods */ = {
			isa = PBXGroup;
			children = (
				F163C250BFA44CC9F378D2C4 /* Pods-SimplyWeather.debug.xcconfig */,
				5CE29BA0F5FA88CB115854EC /* Pods-SimplyWeather.release.xcconfig */,
			);
			name = Pods;
			sourceTree = "<group>";
		};
/* End PBXGroup section */

/* Begin PBXNativeTarget section */
		353CD3571F4BF5AD00A28BA1 /* SimplyWeather */ = {
			isa = PBXNativeTarget;
			buildConfigurationList = 353CD36A1F4BF5AD00A28BA1 /* Build configuration list for PBXNativeTarget "SimplyWeather" */;
			buildPhases = (
				B1154429A1F3723F9A159719 /* [CP] Check Pods Manifest.lock */,
				353CD3541F4BF5AD00A28BA1 /* Sources */,
				353CD3551F4BF5AD00A28BA1 /* Frameworks */,
				353CD3561F4BF5AD00A28BA1 /* Resources */,
				80725A165358FB1290061C4F /* [CP] Embed Pods Frameworks */,
				790E4BE43C895DA3DABE152E /* [CP] Copy Pods Resources */,
			);
			buildRules = (
			);
			dependencies = (
			);
			name = SimplyWeather;
			productName = SimplyWeather;
			productReference = 353CD3581F4BF5AD00A28BA1 /* SimplyWeather.app */;
			productType = "com.apple.product-type.application";
		};
/* End PBXNativeTarget section */

/* Begin PBXProject section */
		353CD3501F4BF5AD00A28BA1 /* Project object */ = {
			isa = PBXProject;
			attributes = {
				LastSwiftUpdateCheck = 0900;
				LastUpgradeCheck = 0900;
				ORGANIZATIONNAME = "Dobson Studios";
				TargetAttributes = {
					353CD3571F4BF5AD00A28BA1 = {
						CreatedOnToolsVersion = 9.0;
					};
				};
			};
			buildConfigurationList = 353CD3531F4BF5AD00A28BA1 /* Build configuration list for PBXProject "SimplyWeather" */;
			compatibilityVersion = "Xcode 8.0";
			developmentRegion = en;
			hasScannedForEncodings = 0;
			knownRegions = (
				en,
				Base,
			);
			mainGroup = 353CD34F1F4BF5AD00A28BA1;
			productRefGroup = 353CD3591F4BF5AD00A28BA1 /* Products */;
			projectDirPath = "";
			projectRoot = "";
			targets = (
				353CD3571F4BF5AD00A28BA1 /* SimplyWeather */,
			);
		};
/* End PBXProject section */

/* Begin PBXResourcesBuildPhase section */
		353CD3561F4BF5AD00A28BA1 /* Resources */ = {
			isa = PBXResourcesBuildPhase;
			buildActionMask = 2147483647;
			files = (
				353CD3661F4BF5AD00A28BA1 /* LaunchScreen.storyboard in Resources */,
				353CD3631F4BF5AD00A28BA1 /* Assets.xcassets in Resources */,
				353CD3611F4BF5AD00A28BA1 /* Main.storyboard in Resources */,
			);
			runOnlyForDeploymentPostprocessing = 0;
		};
/* End PBXResourcesBuildPhase section */

/* Begin PBXShellScriptBuildPhase section */
		790E4BE43C895DA3DABE152E /* [CP] Copy Pods Resources */ = {
			isa = PBXShellScriptBuildPhase;
			buildActionMask = 2147483647;
			files = (
			);
			inputPaths = (
			);
			name = "[CP] Copy Pods Resources";
			outputPaths = (
			);
			runOnlyForDeploymentPostprocessing = 0;
			shellPath = /bin/sh;
			shellScript = "\"${SRCROOT}/Pods/Target Support Files/Pods-SimplyWeather/Pods-SimplyWeather-resources.sh\"\n";
			showEnvVarsInLog = 0;
		};
		80725A165358FB1290061C4F /* [CP] Embed Pods Frameworks */ = {
			isa = PBXShellScriptBuildPhase;
			buildActionMask = 2147483647;
			files = (
			);
			inputPaths = (
				"${SRCROOT}/Pods/Target Support Files/Pods-SimplyWeather/Pods-SimplyWeather-frameworks.sh",
				"${BUILT_PRODUCTS_DIR}/Alamofire/Alamofire.framework",
				"${BUILT_PRODUCTS_DIR}/SVProgressHUD/SVProgressHUD.framework",
				"${BUILT_PRODUCTS_DIR}/SwiftyJSON/SwiftyJSON.framework",
			);
			name = "[CP] Embed Pods Frameworks";
			outputPaths = (
				"${TARGET_BUILD_DIR}/${FRAMEWORKS_FOLDER_PATH}/Alamofire.framework",
				"${TARGET_BUILD_DIR}/${FRAMEWORKS_FOLDER_PATH}/SVProgressHUD.framework",
				"${TARGET_BUILD_DIR}/${FRAMEWORKS_FOLDER_PATH}/SwiftyJSON.framework",
			);
			runOnlyForDeploymentPostprocessing = 0;
			shellPath = /bin/sh;
			shellScript = "\"${SRCROOT}/Pods/Target Support Files/Pods-SimplyWeather/Pods-SimplyWeather-frameworks.sh\"\n";
			showEnvVarsInLog = 0;
		};
		B1154429A1F3723F9A159719 /* [CP] Check Pods Manifest.lock */ = {
			isa = PBXShellScriptBuildPhase;
			buildActionMask = 2147483647;
			files = (
			);
			inputPaths = (
				"${PODS_PODFILE_DIR_PATH}/Podfile.lock",
				"${PODS_ROOT}/Manifest.lock",
			);
			name = "[CP] Check Pods Manifest.lock";
			outputPaths = (
				"$(DERIVED_FILE_DIR)/Pods-SimplyWeather-checkManifestLockResult.txt",
			);
			runOnlyForDeploymentPostprocessing = 0;
			shellPath = /bin/sh;
			shellScript = "diff \"${PODS_PODFILE_DIR_PATH}/Podfile.lock\" \"${PODS_ROOT}/Manifest.lock\" > /dev/null\nif [ $? != 0 ] ; then\n    # print error to STDERR\n    echo \"error: The sandbox is not in sync with the Podfile.lock. Run 'pod install' or update your CocoaPods installation.\" >&2\n    exit 1\nfi\n# This output is used by Xcode 'outputs' to avoid re-running this script phase.\necho \"SUCCESS\" > \"${SCRIPT_OUTPUT_FILE_0}\"\n";
			showEnvVarsInLog = 0;
		};
/* End PBXShellScriptBuildPhase section */

/* Begin PBXSourcesBuildPhase section */
		353CD3541F4BF5AD00A28BA1 /* Sources */ = {
			isa = PBXSourcesBuildPhase;
			buildActionMask = 2147483647;
			files = (
				35E11FA61F4F95EB006CBE53 /* tapticFeedback.swift in Sources */,
				35E11FAA1F4FD8AA006CBE53 /* CitySelectVIewController.swift in Sources */,
				353CD35E1F4BF5AD00A28BA1 /* WeatherViewController.swift in Sources */,
				354D97151F4D469900E1EFE9 /* GetWeather.swift in Sources */,
				353CD36E1F4BF69300A28BA1 /* WeatherModel.swift in Sources */,
				353CD35C1F4BF5AD00A28BA1 /* AppDelegate.swift in Sources */,
			);
			runOnlyForDeploymentPostprocessing = 0;
		};
/* End PBXSourcesBuildPhase section */

/* Begin PBXVariantGroup section */
		353CD35F1F4BF5AD00A28BA1 /* Main.storyboard */ = {
			isa = PBXVariantGroup;
			children = (
				353CD3601F4BF5AD00A28BA1 /* Base */,
			);
			name = Main.storyboard;
			sourceTree = "<group>";
		};
		353CD3641F4BF5AD00A28BA1 /* LaunchScreen.storyboard */ = {
			isa = PBXVariantGroup;
			children = (
				353CD3651F4BF5AD00A28BA1 /* Base */,
			);
			name = LaunchScreen.storyboard;
			sourceTree = "<group>";
		};
/* End PBXVariantGroup section */

/* Begin XCBuildConfiguration section */
		353CD3681F4BF5AD00A28BA1 /* Debug */ = {
			isa = XCBuildConfiguration;
			buildSettings = {
				ALWAYS_SEARCH_USER_PATHS = NO;
				CLANG_ANALYZER_NONNULL = YES;
				CLANG_ANALYZER_NUMBER_OBJECT_CONVERSION = YES_AGGRESSIVE;
				CLANG_CXX_LANGUAGE_STANDARD = "gnu++14";
				CLANG_CXX_LIBRARY = "libc++";
				CLANG_ENABLE_MODULES = YES;
				CLANG_ENABLE_OBJC_ARC = YES;
				CLANG_WARN_BLOCK_CAPTURE_AUTORELEASING = YES;
				CLANG_WARN_BOOL_CONVERSION = YES;
				CLANG_WARN_COMMA = YES;
				CLANG_WARN_CONSTANT_CONVERSION = YES;
				CLANG_WARN_DIRECT_OBJC_ISA_USAGE = YES_ERROR;
				CLANG_WARN_DOCUMENTATION_COMMENTS = YES;
				CLANG_WARN_EMPTY_BODY = YES;
				CLANG_WARN_ENUM_CONVERSION = YES;
				CLANG_WARN_INFINITE_RECURSION = YES;
				CLANG_WARN_INT_CONVERSION = YES;
				CLANG_WARN_NON_LITERAL_NULL_CONVERSION = YES;
				CLANG_WARN_OBJC_LITERAL_CONVERSION = YES;
				CLANG_WARN_OBJC_ROOT_CLASS = YES_ERROR;
				CLANG_WARN_RANGE_LOOP_ANALYSIS = YES;
				CLANG_WARN_STRICT_PROTOTYPES = YES;
				CLANG_WARN_SUSPICIOUS_MOVE = YES;
				CLANG_WARN_UNGUARDED_AVAILABILITY = YES_AGGRESSIVE;
				CLANG_WARN_UNREACHABLE_CODE = YES;
				CLANG_WARN__DUPLICATE_METHOD_MATCH = YES;
				CODE_SIGN_IDENTITY = "iPhone Developer";
				COPY_PHASE_STRIP = NO;
				DEBUG_INFORMATION_FORMAT = dwarf;
				ENABLE_STRICT_OBJC_MSGSEND = YES;
				ENABLE_TESTABILITY = YES;
				GCC_C_LANGUAGE_STANDARD = gnu11;
				GCC_DYNAMIC_NO_PIC = NO;
				GCC_NO_COMMON_BLOCKS = YES;
				GCC_OPTIMIZATION_LEVEL = 0;
				GCC_PREPROCESSOR_DEFINITIONS = (
					"DEBUG=1",
					"$(inherited)",
				);
				GCC_WARN_64_TO_32_BIT_CONVERSION = YES;
				GCC_WARN_ABOUT_RETURN_TYPE = YES_ERROR;
				GCC_WARN_UNDECLARED_SELECTOR = YES;
				GCC_WARN_UNINITIALIZED_AUTOS = YES_AGGRESSIVE;
				GCC_WARN_UNUSED_FUNCTION = YES;
				GCC_WARN_UNUSED_VARIABLE = YES;
				IPHONEOS_DEPLOYMENT_TARGET = 11.0;
				MTL_ENABLE_DEBUG_INFO = YES;
				ONLY_ACTIVE_ARCH = YES;
				SDKROOT = iphoneos;
				SWIFT_ACTIVE_COMPILATION_CONDITIONS = DEBUG;
				SWIFT_OPTIMIZATION_LEVEL = "-Onone";
			};
			name = Debug;
		};
		353CD3691F4BF5AD00A28BA1 /* Release */ = {
			isa = XCBuildConfiguration;
			buildSettings = {
				ALWAYS_SEARCH_USER_PATHS = NO;
				CLANG_ANALYZER_NONNULL = YES;
				CLANG_ANALYZER_NUMBER_OBJECT_CONVERSION = YES_AGGRESSIVE;
				CLANG_CXX_LANGUAGE_STANDARD = "gnu++14";
				CLANG_CXX_LIBRARY = "libc++";
				CLANG_ENABLE_MODULES = YES;
				CLANG_ENABLE_OBJC_ARC = YES;
				CLANG_WARN_BLOCK_CAPTURE_AUTORELEASING = YES;
				CLANG_WARN_BOOL_CONVERSION = YES;
				CLANG_WARN_COMMA = YES;
				CLANG_WARN_CONSTANT_CONVERSION = YES;
				CLANG_WARN_DIRECT_OBJC_ISA_USAGE = YES_ERROR;
				CLANG_WARN_DOCUMENTATION_COMMENTS = YES;
				CLANG_WARN_EMPTY_BODY = YES;
				CLANG_WARN_ENUM_CONVERSION = YES;
				CLANG_WARN_INFINITE_RECURSION = YES;
				CLANG_WARN_INT_CONVERSION = YES;
				CLANG_WARN_NON_LITERAL_NULL_CONVERSION = YES;
				CLANG_WARN_OBJC_LITERAL_CONVERSION = YES;
				CLANG_WARN_OBJC_ROOT_CLASS = YES_ERROR;
				CLANG_WARN_RANGE_LOOP_ANALYSIS = YES;
				CLANG_WARN_STRICT_PROTOTYPES = YES;
				CLANG_WARN_SUSPICIOUS_MOVE = YES;
				CLANG_WARN_UNGUARDED_AVAILABILITY = YES_AGGRESSIVE;
				CLANG_WARN_UNREACHABLE_CODE = YES;
				CLANG_WARN__DUPLICATE_METHOD_MATCH = YES;
				CODE_SIGN_IDENTITY = "iPhone Developer";
				COPY_PHASE_STRIP = NO;
				DEBUG_INFORMATION_FORMAT = "dwarf-with-dsym";
				ENABLE_NS_ASSERTIONS = NO;
				ENABLE_STRICT_OBJC_MSGSEND = YES;
				GCC_C_LANGUAGE_STANDARD = gnu11;
				GCC_NO_COMMON_BLOCKS = YES;
				GCC_WARN_64_TO_32_BIT_CONVERSION = YES;
				GCC_WARN_ABOUT_RETURN_TYPE = YES_ERROR;
				GCC_WARN_UNDECLARED_SELECTOR = YES;
				GCC_WARN_UNINITIALIZED_AUTOS = YES_AGGRESSIVE;
				GCC_WARN_UNUSED_FUNCTION = YES;
				GCC_WARN_UNUSED_VARIABLE = YES;
				IPHONEOS_DEPLOYMENT_TARGET = 11.0;
				MTL_ENABLE_DEBUG_INFO = NO;
				SDKROOT = iphoneos;
				SWIFT_OPTIMIZATION_LEVEL = "-Owholemodule";
				VALIDATE_PRODUCT = YES;
			};
			name = Release;
		};
		353CD36B1F4BF5AD00A28BA1 /* Debug */ = {
			isa = XCBuildConfiguration;
			baseConfigurationReference = F163C250BFA44CC9F378D2C4 /* Pods-SimplyWeather.debug.xcconfig */;
			buildSettings = {
				ASSETCATALOG_COMPILER_APPICON_NAME = AppIcon;
				DEVELOPMENT_TEAM = JLFK698MRZ;
				INFOPLIST_FILE = "$(SRCROOT)/SimplyWeather/Supporting Files/Info.plist";
				LD_RUNPATH_SEARCH_PATHS = "$(inherited) @executable_path/Frameworks";
				PRODUCT_BUNDLE_IDENTIFIER = com.DobsonStudios.SimplyWeather;
				PRODUCT_NAME = "$(TARGET_NAME)";
				SWIFT_VERSION = 4.0;
				TARGETED_DEVICE_FAMILY = "1,2";
			};
			name = Debug;
		};
		353CD36C1F4BF5AD00A28BA1 /* Release */ = {
			isa = XCBuildConfiguration;
			baseConfigurationReference = 5CE29BA0F5FA88CB115854EC /* Pods-SimplyWeather.release.xcconfig */;
			buildSettings = {
				ASSETCATALOG_COMPILER_APPICON_NAME = AppIcon;
				DEVELOPMENT_TEAM = JLFK698MRZ;
				INFOPLIST_FILE = "$(SRCROOT)/SimplyWeather/Supporting Files/Info.plist";
				LD_RUNPATH_SEARCH_PATHS = "$(inherited) @executable_path/Frameworks";
				PRODUCT_BUNDLE_IDENTIFIER = com.DobsonStudios.SimplyWeather;
				PRODUCT_NAME = "$(TARGET_NAME)";
				SWIFT_VERSION = 4.0;
				TARGETED_DEVICE_FAMILY = "1,2";
			};
			name = Release;
		};
/* End XCBuildConfiguration section */

/* Begin XCConfigurationList section */
		353CD3531F4BF5AD00A28BA1 /* Build configuration list for PBXProject "SimplyWeather" */ = {
			isa = XCConfigurationList;
			buildConfigurations = (
				353CD3681F4BF5AD00A28BA1 /* Debug */,
				353CD3691F4BF5AD00A28BA1 /* Release */,
			);
			defaultConfigurationIsVisible = 0;
			defaultConfigurationName = Release;
		};
		353CD36A1F4BF5AD00A28BA1 /* Build configuration list for PBXNativeTarget "SimplyWeather" */ = {
			isa = XCConfigurationList;
			buildConfigurations = (
				353CD36B1F4BF5AD00A28BA1 /* Debug */,
				353CD36C1F4BF5AD00A28BA1 /* Release */,
			);
			defaultConfigurationIsVisible = 0;
			defaultConfigurationName = Release;
		};
/* End XCConfigurationList section */
	};
	rootObject = 353CD3501F4BF5AD00A28BA1 /* Project object */;
}
